# This file is automatically @generated by Cargo.
# It is not intended for manual editing.
version = 4

[[package]]
name = "foo"
version = "1.0.0"
source = "registry+https://github.com/rust-lang/crates.io-index"
checksum = "1111111111111111111111111111111111111111111111111111111111111111"

[[package]]
name = "foo"
version = "2.0.0"
source = "registry+https://github.com/rust-lang/crates.io-index"
checksum = "2222222222222222222222222222222222222222222222222222222222222222"

[[package]]
name = "oma-app"
version = "0.2.0"
dependencies = [
 "foo 1.0.0",
 "oma-core",
 "serde",
]

[[package]]
name = "oma-core"
version = "0.2.0"
dependencies = [
 "foo 2.0.0",
 "serde",
]

[[package]]
name = "serde"
version = "1.0.228"
source = "registry+https://github.com/rust-lang/crates.io-index"
checksum = "3333333333333333333333333333333333333333333333333333333333333333"
